
Microsoft Visual Studio Solution File, Format Version 12.00
# Visual Studio Version 16
VisualStudioVersion = 16.0.30523.141
MinimumVisualStudioVersion = 10.0.40219.1
Project("{FAE04EC0-301F-11D3-BF4B-00C04F79EFBC}") = "WebApplication", "WebApplication\WebApplication.csproj", "{F265B8A3-4444-46EB-912E-8A5FB993BB94}"
EndProject
Global
	GlobalSection(SolutionConfigurationPlatforms) = preSolution
		Debug|Any CPU = Debug|Any CPU
		Release|Any CPU = Release|Any CPU
	EndGlobalSection
	GlobalSection(ProjectConfigurationPlatforms) = postSolution
		{F265B8A3-4444-46EB-912E-8A5FB993BB94}.Debug|Any CPU.ActiveCfg = Debug|Any CPU
		{F265B8A3-4444-46EB-912E-8A5FB993BB94}.Debug|Any CPU.Build.0 = Debug|Any CPU
		{F265B8A3-4444-46EB-912E-8A5FB993BB94}.Release|Any CPU.ActiveCfg = Release|Any CPU
		{F265B8A3-4444-46EB-912E-8A5FB993BB94}.Release|Any CPU.Build.0 = Release|Any CPU
	EndGlobalSection
	GlobalSection(SolutionProperties) = preSolution
		HideSolutionNode = FALSE
	EndGlobalSection
	GlobalSection(ExtensibilityGlobals) = postSolution
		SolutionGuid = {2FC61FFA-23E9-4657-95E6-3A5F25F4F250}
	EndGlobalSection
EndGlobal
