
Microsoft Visual Studio Solution File, Format Version 12.00
# Visual Studio Version 16
VisualStudioVersion = 16.0.30523.141
MinimumVisualStudioVersion = 10.0.40219.1
Project("{FAE04EC0-301F-11D3-BF4B-00C04F79EFBC}") = "ProductManager.NongPhanManhHung", "ProductManager.NongPhanManhHung\ProductManager.NongPhanManhHung.csproj", "{678447CA-A238-4600-A4A0-709EC2D74A6C}"
EndProject
Global
	GlobalSection(SolutionConfigurationPlatforms) = preSolution
		Debug|Any CPU = Debug|Any CPU
		Release|Any CPU = Release|Any CPU
	EndGlobalSection
	GlobalSection(ProjectConfigurationPlatforms) = postSolution
		{678447CA-A238-4600-A4A0-709EC2D74A6C}.Debug|Any CPU.ActiveCfg = Debug|Any CPU
		{678447CA-A238-4600-A4A0-709EC2D74A6C}.Debug|Any CPU.Build.0 = Debug|Any CPU
		{678447CA-A238-4600-A4A0-709EC2D74A6C}.Release|Any CPU.ActiveCfg = Release|Any CPU
		{678447CA-A238-4600-A4A0-709EC2D74A6C}.Release|Any CPU.Build.0 = Release|Any CPU
	EndGlobalSection
	GlobalSection(SolutionProperties) = preSolution
		HideSolutionNode = FALSE
	EndGlobalSection
	GlobalSection(ExtensibilityGlobals) = postSolution
		SolutionGuid = {CC205A28-1E12-4128-9CA0-E25CC3A85ACA}
	EndGlobalSection
EndGlobal
