
Microsoft Visual Studio Solution File, Format Version 12.00
# Visual Studio Version 16
VisualStudioVersion = 16.0.30523.141
MinimumVisualStudioVersion = 10.0.40219.1
Project("{FAE04EC0-301F-11D3-BF4B-00C04F79EFBC}") = "HelloWorldMC", "HelloWorldMC.csproj", "{D9B9DCC5-4B61-42B9-A7D9-BEFCC36DF851}"
EndProject
Global
	GlobalSection(SolutionConfigurationPlatforms) = preSolution
		Debug|Any CPU = Debug|Any CPU
		Release|Any CPU = Release|Any CPU
	EndGlobalSection
	GlobalSection(ProjectConfigurationPlatforms) = postSolution
		{D9B9DCC5-4B61-42B9-A7D9-BEFCC36DF851}.Debug|Any CPU.ActiveCfg = Debug|Any CPU
		{D9B9DCC5-4B61-42B9-A7D9-BEFCC36DF851}.Debug|Any CPU.Build.0 = Debug|Any CPU
		{D9B9DCC5-4B61-42B9-A7D9-BEFCC36DF851}.Release|Any CPU.ActiveCfg = Release|Any CPU
		{D9B9DCC5-4B61-42B9-A7D9-BEFCC36DF851}.Release|Any CPU.Build.0 = Release|Any CPU
	EndGlobalSection
	GlobalSection(SolutionProperties) = preSolution
		HideSolutionNode = FALSE
	EndGlobalSection
	GlobalSection(ExtensibilityGlobals) = postSolution
		SolutionGuid = {5BADF550-F199-47D1-B6D7-3638DD554F56}
	EndGlobalSection
EndGlobal
