
Microsoft Visual Studio Solution File, Format Version 12.00
# Visual Studio Version 16
VisualStudioVersion = 16.0.30523.141
MinimumVisualStudioVersion = 10.0.40219.1
Project("{FAE04EC0-301F-11D3-BF4B-00C04F79EFBC}") = "NewsRazorages", "NewsRazorages.csproj", "{4E53E383-6E43-44E3-BCAD-4C61B896FFF8}"
EndProject
Global
	GlobalSection(SolutionConfigurationPlatforms) = preSolution
		Debug|Any CPU = Debug|Any CPU
		Release|Any CPU = Release|Any CPU
	EndGlobalSection
	GlobalSection(ProjectConfigurationPlatforms) = postSolution
		{4E53E383-6E43-44E3-BCAD-4C61B896FFF8}.Debug|Any CPU.ActiveCfg = Debug|Any CPU
		{4E53E383-6E43-44E3-BCAD-4C61B896FFF8}.Debug|Any CPU.Build.0 = Debug|Any CPU
		{4E53E383-6E43-44E3-BCAD-4C61B896FFF8}.Release|Any CPU.ActiveCfg = Release|Any CPU
		{4E53E383-6E43-44E3-BCAD-4C61B896FFF8}.Release|Any CPU.Build.0 = Release|Any CPU
	EndGlobalSection
	GlobalSection(SolutionProperties) = preSolution
		HideSolutionNode = FALSE
	EndGlobalSection
	GlobalSection(ExtensibilityGlobals) = postSolution
		SolutionGuid = {8AFA9D48-3188-4EAE-826E-1ACD8D728FBC}
	EndGlobalSection
EndGlobal
