
Microsoft Visual Studio Solution File, Format Version 12.00
# Visual Studio Version 16
VisualStudioVersion = 16.0.30523.141
MinimumVisualStudioVersion = 10.0.40219.1
Project("{FAE04EC0-301F-11D3-BF4B-00C04F79EFBC}") = "DogList", "DogList\DogList.csproj", "{EEC96601-A6D7-4442-BC48-6289EBC37D3A}"
EndProject
Global
	GlobalSection(SolutionConfigurationPlatforms) = preSolution
		Debug|Any CPU = Debug|Any CPU
		Release|Any CPU = Release|Any CPU
	EndGlobalSection
	GlobalSection(ProjectConfigurationPlatforms) = postSolution
		{EEC96601-A6D7-4442-BC48-6289EBC37D3A}.Debug|Any CPU.ActiveCfg = Debug|Any CPU
		{EEC96601-A6D7-4442-BC48-6289EBC37D3A}.Debug|Any CPU.Build.0 = Debug|Any CPU
		{EEC96601-A6D7-4442-BC48-6289EBC37D3A}.Release|Any CPU.ActiveCfg = Release|Any CPU
		{EEC96601-A6D7-4442-BC48-6289EBC37D3A}.Release|Any CPU.Build.0 = Release|Any CPU
	EndGlobalSection
	GlobalSection(SolutionProperties) = preSolution
		HideSolutionNode = FALSE
	EndGlobalSection
	GlobalSection(ExtensibilityGlobals) = postSolution
		SolutionGuid = {578B1AB8-0F49-42AD-9D89-1E8665D7C11B}
	EndGlobalSection
EndGlobal
